{
  "nodes": {
    "flakeNimbleLib": {
      "inputs": {
        "nixpkgs": [
          "nixpkgs"
        ]
      },
      "locked": {
        "lastModified": 1662018438,
        "narHash": "sha256-QtNtU6+LX3Wokxf0zlFwKTFOcn6TeDjKQZ+DA9OYtvM=",
        "owner": "riinr",
        "repo": "nim-flakes-lib",
        "rev": "b1fe8340736e3a85d25c709ac3dfd82a55c03cbf",
        "type": "github"
      },
      "original": {
        "owner": "riinr",
        "ref": "master",
        "repo": "nim-flakes-lib",
        "type": "github"
      }
    },
    "gravatar-master": {
      "inputs": {
        "flakeNimbleLib": [
          "flakeNimbleLib"
        ],
        "nixpkgs": [
          "nixpkgs"
        ],
        "src-gravatar-master": "src-gravatar-master"
      },
      "locked": {
        "dir": "master",
        "lastModified": 1662254519,
        "narHash": "sha256-gnrVKz97RIlEekO026mxJztzMB1TriLGO4G0RBl6jd8=",
        "owner": "nim-nix-pkgs",
        "repo": "gravatar",
        "rev": "7967f311698794506cb10353db1e77b93ddffcf6",
        "type": "github"
      },
      "original": {
        "dir": "master",
        "owner": "nim-nix-pkgs",
        "ref": "master",
        "repo": "gravatar",
        "type": "github"
      }
    },
    "nixpkgs": {
      "locked": {
        "lastModified": 1667110639,
        "narHash": "sha256-4FbPESZ5LbqQxkJJJBAfk/zKgF9h/4kyUwjjpJwYlbc=",
        "owner": "NixOS",
        "repo": "nixpkgs",
        "rev": "f38a1f04d1bec1feb61fd101a0539ae2002a7087",
        "type": "github"
      },
      "original": {
        "id": "nixpkgs",
        "type": "indirect"
      }
    },
    "root": {
      "inputs": {
        "flakeNimbleLib": "flakeNimbleLib",
        "gravatar-master": "gravatar-master",
        "nixpkgs": "nixpkgs"
      }
    },
    "src-gravatar-master": {
      "flake": false,
      "locked": {
        "lastModified": 1484602500,
        "narHash": "sha256-YPeweU4cc+0qAqH8pIfZ+GwLIip2Iyp6u56VQLaNge0=",
        "owner": "achesak",
        "repo": "nim-gravatar",
        "rev": "e38391680b25dbb186157d10d48936bf486a0690",
        "type": "github"
      },
      "original": {
        "owner": "achesak",
        "ref": "refs/heads/master",
        "repo": "nim-gravatar",
        "type": "github"
      }
    }
  },
  "root": "root",
  "version": 7
}
